
Microsoft Visual Studio Solution File, Format Version 12.00
# Visual Studio Version 17
VisualStudioVersion = 17.14.36717.8
MinimumVisualStudioVersion = 10.0.40219.1
Project("{FAE04EC0-301F-11D3-BF4B-00C04F79EFBC}") = "ComplexNumbersLib", "ComplexNumbersLib\ComplexNumbersLib.csproj", "{C5C58274-82DC-1674-6D61-A9E6CDA239EA}"
EndProject
Project("{FAE04EC0-301F-11D3-BF4B-00C04F79EFBC}") = "ComplexStackCalculator", "ComplexStackCalculator\ComplexStackCalculator.csproj", "{960D5D94-58E2-E36F-5B0F-8C7929E13324}"
EndProject
Project("{FAE04EC0-301F-11D3-BF4B-00C04F79EFBC}") = "ComplexStackCalculator.Tests", "ComplexStackCalculator.Tests\ComplexStackCalculator.Tests.csproj", "{436882B2-B3E4-548D-78AB-33EDF88C162C}"
EndProject
Global
	GlobalSection(SolutionConfigurationPlatforms) = preSolution
		Debug|Any CPU = Debug|Any CPU
		Release|Any CPU = Release|Any CPU
	EndGlobalSection
	GlobalSection(ProjectConfigurationPlatforms) = postSolution
		{C5C58274-82DC-1674-6D61-A9E6CDA239EA}.Debug|Any CPU.ActiveCfg = Debug|Any CPU
		{C5C58274-82DC-1674-6D61-A9E6CDA239EA}.Debug|Any CPU.Build.0 = Debug|Any CPU
		{C5C58274-82DC-1674-6D61-A9E6CDA239EA}.Release|Any CPU.ActiveCfg = Release|Any CPU
		{C5C58274-82DC-1674-6D61-A9E6CDA239EA}.Release|Any CPU.Build.0 = Release|Any CPU
		{960D5D94-58E2-E36F-5B0F-8C7929E13324}.Debug|Any CPU.ActiveCfg = Debug|Any CPU
		{960D5D94-58E2-E36F-5B0F-8C7929E13324}.Debug|Any CPU.Build.0 = Debug|Any CPU
		{960D5D94-58E2-E36F-5B0F-8C7929E13324}.Release|Any CPU.ActiveCfg = Release|Any CPU
		{960D5D94-58E2-E36F-5B0F-8C7929E13324}.Release|Any CPU.Build.0 = Release|Any CPU
		{436882B2-B3E4-548D-78AB-33EDF88C162C}.Debug|Any CPU.ActiveCfg = Debug|Any CPU
		{436882B2-B3E4-548D-78AB-33EDF88C162C}.Debug|Any CPU.Build.0 = Debug|Any CPU
		{436882B2-B3E4-548D-78AB-33EDF88C162C}.Release|Any CPU.ActiveCfg = Release|Any CPU
		{436882B2-B3E4-548D-78AB-33EDF88C162C}.Release|Any CPU.Build.0 = Release|Any CPU
	EndGlobalSection
	GlobalSection(SolutionProperties) = preSolution
		HideSolutionNode = FALSE
	EndGlobalSection
	GlobalSection(ExtensibilityGlobals) = postSolution
		SolutionGuid = {3D319D20-0604-4F52-AE25-3CB163014DCF}
	EndGlobalSection
EndGlobal
